// !$*UTF8*$!
{
	archiveVersion = 1;
	classes = {
	};
	objectVersion = 50;
	objects = {

/* Begin PBXBuildFile section */
		1DE4E5C5270A5CCE004A30CA /* AppDelegate.swift in Sources */ = {isa = PBXBuildFile; fileRef = 1DE4E5C4270A5CCE004A30CA /* AppDelegate.swift */; };
		1DE4E5C7270A5CCE004A30CA /* SceneDelegate.swift in Sources */ = {isa = PBXBuildFile; fileRef = 1DE4E5C6270A5CCE004A30CA /* SceneDelegate.swift */; };
		1DE4E5C9270A5CCE004A30CA /* ViewController.swift in Sources */ = {isa = PBXBuildFile; fileRef = 1DE4E5C8270A5CCE004A30CA /* ViewController.swift */; };
		1DE4E5CC270A5CCE004A30CA /* Main.storyboard in Resources */ = {isa = PBXBuildFile; fileRef = 1DE4E5CA270A5CCE004A30CA /* Main.storyboard */; };
		1DE4E5CE270A5CD0004A30CA /* Assets.xcassets in Resources */ = {isa = PBXBuildFile; fileRef = 1DE4E5CD270A5CD0004A30CA /* Assets.xcassets */; };
		1DE4E5D1270A5CD0004A30CA /* LaunchScreen.storyboard in Resources */ = {isa = PBXBuildFile; fileRef = 1DE4E5CF270A5CD0004A30CA /* LaunchScreen.storyboard */; };
		B4AB56842793F01B00127FB7 /* PrimaryButton.swift in Sources */ = {isa = PBXBuildFile; fileRef = B4AB56832793F01B00127FB7 /* PrimaryButton.swift */; };
		B4AB56892793F07300127FB7 /* RegistrationController.swift in Sources */ = {isa = PBXBuildFile; fileRef = B4AB56872793F07300127FB7 /* RegistrationController.swift */; };
		B4AB568A2793F07300127FB7 /* RegistrationController.xib in Resources */ = {isa = PBXBuildFile; fileRef = B4AB56882793F07300127FB7 /* RegistrationController.xib */; };
		B4AB568D2793F08400127FB7 /* LoginController.swift in Sources */ = {isa = PBXBuildFile; fileRef = B4AB568B2793F08400127FB7 /* LoginController.swift */; };
		B4AB568E2793F08400127FB7 /* LoginController.xib in Resources */ = {isa = PBXBuildFile; fileRef = B4AB568C2793F08400127FB7 /* LoginController.xib */; };
		B4AB56902793F12C00127FB7 /* FormTextField.swift in Sources */ = {isa = PBXBuildFile; fileRef = B4AB568F2793F12C00127FB7 /* FormTextField.swift */; };
		B4AB56942793F36700127FB7 /* TabsController.swift in Sources */ = {isa = PBXBuildFile; fileRef = B4AB56922793F36700127FB7 /* TabsController.swift */; };
		B4AB56952793F36700127FB7 /* TabsController.xib in Resources */ = {isa = PBXBuildFile; fileRef = B4AB56932793F36700127FB7 /* TabsController.xib */; };
		B4AB56992793F3A800127FB7 /* ActivityListController.swift in Sources */ = {isa = PBXBuildFile; fileRef = B4AB56972793F3A800127FB7 /* ActivityListController.swift */; };
		B4AB569A2793F3A800127FB7 /* ActivityListController.xib in Resources */ = {isa = PBXBuildFile; fileRef = B4AB56982793F3A800127FB7 /* ActivityListController.xib */; };
		B4AB569E2793F3DE00127FB7 /* ActivityDetailsController.swift in Sources */ = {isa = PBXBuildFile; fileRef = B4AB569C2793F3DE00127FB7 /* ActivityDetailsController.swift */; };
		B4AB569F2793F3DE00127FB7 /* ActivityDetailsController.xib in Resources */ = {isa = PBXBuildFile; fileRef = B4AB569D2793F3DE00127FB7 /* ActivityDetailsController.xib */; };
		B4AB56A32793F41C00127FB7 /* ActivityTableViewCell.swift in Sources */ = {isa = PBXBuildFile; fileRef = B4AB56A12793F41C00127FB7 /* ActivityTableViewCell.swift */; };
		B4AB56A42793F41C00127FB7 /* ActivityTableViewCell.xib in Resources */ = {isa = PBXBuildFile; fileRef = B4AB56A22793F41C00127FB7 /* ActivityTableViewCell.xib */; };
		B4AB56A72793F49C00127FB7 /* ProfileController.swift in Sources */ = {isa = PBXBuildFile; fileRef = B4AB56A52793F49C00127FB7 /* ProfileController.swift */; };
		B4AB56A82793F49C00127FB7 /* ProfileController.xib in Resources */ = {isa = PBXBuildFile; fileRef = B4AB56A62793F49C00127FB7 /* ProfileController.xib */; };
/* End PBXBuildFile section */

/* Begin PBXFileReference section */
		1DE4E5C1270A5CCE004A30CA /* fefuactivity.app */ = {isa = PBXFileReference; explicitFileType = wrapper.application; includeInIndex = 0; path = fefuactivity.app; sourceTree = BUILT_PRODUCTS_DIR; };
		1DE4E5C4270A5CCE004A30CA /* AppDelegate.swift */ = {isa = PBXFileReference; lastKnownFileType = sourcecode.swift; path = AppDelegate.swift; sourceTree = "<group>"; };
		1DE4E5C6270A5CCE004A30CA /* SceneDelegate.swift */ = {isa = PBXFileReference; lastKnownFileType = sourcecode.swift; path = SceneDelegate.swift; sourceTree = "<group>"; };
		1DE4E5C8270A5CCE004A30CA /* ViewController.swift */ = {isa = PBXFileReference; lastKnownFileType = sourcecode.swift; path = ViewController.swift; sourceTree = "<group>"; };
		1DE4E5CB270A5CCE004A30CA /* Base */ = {isa = PBXFileReference; lastKnownFileType = file.storyboard; name = Base; path = Base.lproj/Main.storyboard; sourceTree = "<group>"; };
		1DE4E5CD270A5CD0004A30CA /* Assets.xcassets */ = {isa = PBXFileReference; lastKnownFileType = folder.assetcatalog; path = Assets.xcassets; sourceTree = "<group>"; };
		1DE4E5D0270A5CD0004A30CA /* Base */ = {isa = PBXFileReference; lastKnownFileType = file.storyboard; name = Base; path = Base.lproj/LaunchScreen.storyboard; sourceTree = "<group>"; };
		1DE4E5D2270A5CD0004A30CA /* Info.plist */ = {isa = PBXFileReference; lastKnownFileType = text.plist.xml; path = Info.plist; sourceTree = "<group>"; };
		B4AB56832793F01B00127FB7 /* PrimaryButton.swift */ = {isa = PBXFileReference; lastKnownFileType = sourcecode.swift; path = PrimaryButton.swift; sourceTree = "<group>"; };
		B4AB56872793F07300127FB7 /* RegistrationController.swift */ = {isa = PBXFileReference; lastKnownFileType = sourcecode.swift; path = RegistrationController.swift; sourceTree = "<group>"; };
		B4AB56882793F07300127FB7 /* RegistrationController.xib */ = {isa = PBXFileReference; lastKnownFileType = file.xib; path = RegistrationController.xib; sourceTree = "<group>"; };
		B4AB568B2793F08400127FB7 /* LoginController.swift */ = {isa = PBXFileReference; lastKnownFileType = sourcecode.swift; path = LoginController.swift; sourceTree = "<group>"; };
		B4AB568C2793F08400127FB7 /* LoginController.xib */ = {isa = PBXFileReference; lastKnownFileType = file.xib; path = LoginController.xib; sourceTree = "<group>"; };
		B4AB568F2793F12C00127FB7 /* FormTextField.swift */ = {isa = PBXFileReference; lastKnownFileType = sourcecode.swift; path = FormTextField.swift; sourceTree = "<group>"; };
		B4AB56922793F36700127FB7 /* TabsController.swift */ = {isa = PBXFileReference; lastKnownFileType = sourcecode.swift; path = TabsController.swift; sourceTree = "<group>"; };
		B4AB56932793F36700127FB7 /* TabsController.xib */ = {isa = PBXFileReference; lastKnownFileType = file.xib; path = TabsController.xib; sourceTree = "<group>"; };
		B4AB56972793F3A800127FB7 /* ActivityListController.swift */ = {isa = PBXFileReference; lastKnownFileType = sourcecode.swift; path = ActivityListController.swift; sourceTree = "<group>"; };
		B4AB56982793F3A800127FB7 /* ActivityListController.xib */ = {isa = PBXFileReference; lastKnownFileType = file.xib; path = ActivityListController.xib; sourceTree = "<group>"; };
		B4AB569C2793F3DE00127FB7 /* ActivityDetailsController.swift */ = {isa = PBXFileReference; lastKnownFileType = sourcecode.swift; path = ActivityDetailsController.swift; sourceTree = "<group>"; };
		B4AB569D2793F3DE00127FB7 /* ActivityDetailsController.xib */ = {isa = PBXFileReference; lastKnownFileType = file.xib; path = ActivityDetailsController.xib; sourceTree = "<group>"; };
		B4AB56A12793F41C00127FB7 /* ActivityTableViewCell.swift */ = {isa = PBXFileReference; lastKnownFileType = sourcecode.swift; path = ActivityTableViewCell.swift; sourceTree = "<group>"; };
		B4AB56A22793F41C00127FB7 /* ActivityTableViewCell.xib */ = {isa = PBXFileReference; lastKnownFileType = file.xib; path = ActivityTableViewCell.xib; sourceTree = "<group>"; };
		B4AB56A52793F49C00127FB7 /* ProfileController.swift */ = {isa = PBXFileReference; lastKnownFileType = sourcecode.swift; path = ProfileController.swift; sourceTree = "<group>"; };
		B4AB56A62793F49C00127FB7 /* ProfileController.xib */ = {isa = PBXFileReference; lastKnownFileType = file.xib; path = ProfileController.xib; sourceTree = "<group>"; };
/* End PBXFileReference section */

/* Begin PBXFrameworksBuildPhase section */
		1DE4E5BE270A5CCE004A30CA /* Frameworks */ = {
			isa = PBXFrameworksBuildPhase;
			buildActionMask = 2147483647;
			files = (
			);
			runOnlyForDeploymentPostprocessing = 0;
		};
/* End PBXFrameworksBuildPhase section */

/* Begin PBXGroup section */
		1DE4E5B8270A5CCE004A30CA = {
			isa = PBXGroup;
			children = (
				1DE4E5C3270A5CCE004A30CA /* fefuactivity */,
				1DE4E5C2270A5CCE004A30CA /* Products */,
			);
			sourceTree = "<group>";
		};
		1DE4E5C2270A5CCE004A30CA /* Products */ = {
			isa = PBXGroup;
			children = (
				1DE4E5C1270A5CCE004A30CA /* fefuactivity.app */,
			);
			name = Products;
			sourceTree = "<group>";
		};
		1DE4E5C3270A5CCE004A30CA /* fefuactivity */ = {
			isa = PBXGroup;
			children = (
				B4AB567F2793EFBE00127FB7 /* App Layer */,
				1DE4E5C4270A5CCE004A30CA /* AppDelegate.swift */,
				1DE4E5C6270A5CCE004A30CA /* SceneDelegate.swift */,
				1DE4E5CA270A5CCE004A30CA /* Main.storyboard */,
				1DE4E5CD270A5CD0004A30CA /* Assets.xcassets */,
				1DE4E5CF270A5CD0004A30CA /* LaunchScreen.storyboard */,
				1DE4E5D2270A5CD0004A30CA /* Info.plist */,
			);
			path = fefuactivity;
			sourceTree = "<group>";
		};
		B4AB567F2793EFBE00127FB7 /* App Layer */ = {
			isa = PBXGroup;
			children = (
				B4AB56A02793F3F700127FB7 /* TableViewCells */,
				B4AB56822793EFDD00127FB7 /* TextFields */,
				B4AB56812793EFD600127FB7 /* Controllers */,
				B4AB56802793EFC900127FB7 /* Buttons */,
			);
			path = "App Layer";
			sourceTree = "<group>";
		};
		B4AB56802793EFC900127FB7 /* Buttons */ = {
			isa = PBXGroup;
			children = (
				B4AB56832793F01B00127FB7 /* PrimaryButton.swift */,
			);
			path = Buttons;
			sourceTree = "<group>";
		};
		B4AB56812793EFD600127FB7 /* Controllers */ = {
			isa = PBXGroup;
			children = (
				B4AB569B2793F3C700127FB7 /* ActivityDetails */,
				B4AB56962793F39000127FB7 /* ActivityList */,
				B4AB56912793F34600127FB7 /* Tabs */,
				B4AB56862793F04900127FB7 /* Registration */,
				B4AB56A92793F4A900127FB7 /* Profile */,
				B4AB56852793F04200127FB7 /* Login */,
				1DE4E5C8270A5CCE004A30CA /* ViewController.swift */,
			);
			path = Controllers;
			sourceTree = "<group>";
		};
		B4AB56822793EFDD00127FB7 /* TextFields */ = {
			isa = PBXGroup;
			children = (
				B4AB568F2793F12C00127FB7 /* FormTextField.swift */,
			);
			path = TextFields;
			sourceTree = "<group>";
		};
		B4AB56852793F04200127FB7 /* Login */ = {
			isa = PBXGroup;
			children = (
				B4AB568B2793F08400127FB7 /* LoginController.swift */,
				B4AB568C2793F08400127FB7 /* LoginController.xib */,
			);
			path = Login;
			sourceTree = "<group>";
		};
		B4AB56862793F04900127FB7 /* Registration */ = {
			isa = PBXGroup;
			children = (
				B4AB56872793F07300127FB7 /* RegistrationController.swift */,
				B4AB56882793F07300127FB7 /* RegistrationController.xib */,
			);
			path = Registration;
			sourceTree = "<group>";
		};
		B4AB56912793F34600127FB7 /* Tabs */ = {
			isa = PBXGroup;
			children = (
				B4AB56922793F36700127FB7 /* TabsController.swift */,
				B4AB56932793F36700127FB7 /* TabsController.xib */,
			);
			path = Tabs;
			sourceTree = "<group>";
		};
		B4AB56962793F39000127FB7 /* ActivityList */ = {
			isa = PBXGroup;
			children = (
				B4AB56972793F3A800127FB7 /* ActivityListController.swift */,
				B4AB56982793F3A800127FB7 /* ActivityListController.xib */,
			);
			path = ActivityList;
			sourceTree = "<group>";
		};
		B4AB569B2793F3C700127FB7 /* ActivityDetails */ = {
			isa = PBXGroup;
			children = (
				B4AB569C2793F3DE00127FB7 /* ActivityDetailsController.swift */,
				B4AB569D2793F3DE00127FB7 /* ActivityDetailsController.xib */,
			);
			path = ActivityDetails;
			sourceTree = "<group>";
		};
		B4AB56A02793F3F700127FB7 /* TableViewCells */ = {
			isa = PBXGroup;
			children = (
				B4AB56A12793F41C00127FB7 /* ActivityTableViewCell.swift */,
				B4AB56A22793F41C00127FB7 /* ActivityTableViewCell.xib */,
			);
			path = TableViewCells;
			sourceTree = "<group>";
		};
		B4AB56A92793F4A900127FB7 /* Profile */ = {
			isa = PBXGroup;
			children = (
				B4AB56A52793F49C00127FB7 /* ProfileController.swift */,
				B4AB56A62793F49C00127FB7 /* ProfileController.xib */,
			);
			path = Profile;
			sourceTree = "<group>";
		};
/* End PBXGroup section */

/* Begin PBXNativeTarget section */
		1DE4E5C0270A5CCE004A30CA /* fefuactivity */ = {
			isa = PBXNativeTarget;
			buildConfigurationList = 1DE4E5D5270A5CD0004A30CA /* Build configuration list for PBXNativeTarget "fefuactivity" */;
			buildPhases = (
				1DE4E5BD270A5CCE004A30CA /* Sources */,
				1DE4E5BE270A5CCE004A30CA /* Frameworks */,
				1DE4E5BF270A5CCE004A30CA /* Resources */,
			);
			buildRules = (
			);
			dependencies = (
			);
			name = fefuactivity;
			productName = fefuactivity;
			productReference = 1DE4E5C1270A5CCE004A30CA /* fefuactivity.app */;
			productType = "com.apple.product-type.application";
		};
/* End PBXNativeTarget section */

/* Begin PBXProject section */
		1DE4E5B9270A5CCE004A30CA /* Project object */ = {
			isa = PBXProject;
			attributes = {
				LastSwiftUpdateCheck = 1250;
				LastUpgradeCheck = 1250;
				TargetAttributes = {
					1DE4E5C0270A5CCE004A30CA = {
						CreatedOnToolsVersion = 12.5;
					};
				};
			};
			buildConfigurationList = 1DE4E5BC270A5CCE004A30CA /* Build configuration list for PBXProject "fefuactivity" */;
			compatibilityVersion = "Xcode 9.3";
			developmentRegion = en;
			hasScannedForEncodings = 0;
			knownRegions = (
				en,
				Base,
			);
			mainGroup = 1DE4E5B8270A5CCE004A30CA;
			productRefGroup = 1DE4E5C2270A5CCE004A30CA /* Products */;
			projectDirPath = "";
			projectRoot = "";
			targets = (
				1DE4E5C0270A5CCE004A30CA /* fefuactivity */,
			);
		};
/* End PBXProject section */

/* Begin PBXResourcesBuildPhase section */
		1DE4E5BF270A5CCE004A30CA /* Resources */ = {
			isa = PBXResourcesBuildPhase;
			buildActionMask = 2147483647;
			files = (
				1DE4E5D1270A5CD0004A30CA /* LaunchScreen.storyboard in Resources */,
				B4AB56A42793F41C00127FB7 /* ActivityTableViewCell.xib in Resources */,
				1DE4E5CE270A5CD0004A30CA /* Assets.xcassets in Resources */,
				B4AB569A2793F3A800127FB7 /* ActivityListController.xib in Resources */,
				B4AB568A2793F07300127FB7 /* RegistrationController.xib in Resources */,
				B4AB56A82793F49C00127FB7 /* ProfileController.xib in Resources */,
				B4AB568E2793F08400127FB7 /* LoginController.xib in Resources */,
				B4AB569F2793F3DE00127FB7 /* ActivityDetailsController.xib in Resources */,
				1DE4E5CC270A5CCE004A30CA /* Main.storyboard in Resources */,
				B4AB56952793F36700127FB7 /* TabsController.xib in Resources */,
			);
			runOnlyForDeploymentPostprocessing = 0;
		};
/* End PBXResourcesBuildPhase section */

/* Begin PBXSourcesBuildPhase section */
		1DE4E5BD270A5CCE004A30CA /* Sources */ = {
			isa = PBXSourcesBuildPhase;
			buildActionMask = 2147483647;
			files = (
				1DE4E5C9270A5CCE004A30CA /* ViewController.swift in Sources */,
				B4AB568D2793F08400127FB7 /* LoginController.swift in Sources */,
				1DE4E5C5270A5CCE004A30CA /* AppDelegate.swift in Sources */,
				B4AB569E2793F3DE00127FB7 /* ActivityDetailsController.swift in Sources */,
				B4AB56A32793F41C00127FB7 /* ActivityTableViewCell.swift in Sources */,
				B4AB56992793F3A800127FB7 /* ActivityListController.swift in Sources */,
				B4AB56902793F12C00127FB7 /* FormTextField.swift in Sources */,
				B4AB56842793F01B00127FB7 /* PrimaryButton.swift in Sources */,
				B4AB56942793F36700127FB7 /* TabsController.swift in Sources */,
				B4AB56892793F07300127FB7 /* RegistrationController.swift in Sources */,
				1DE4E5C7270A5CCE004A30CA /* SceneDelegate.swift in Sources */,
				B4AB56A72793F49C00127FB7 /* ProfileController.swift in Sources */,
			);
			runOnlyForDeploymentPostprocessing = 0;
		};
/* End PBXSourcesBuildPhase section */

/* Begin PBXVariantGroup section */
		1DE4E5CA270A5CCE004A30CA /* Main.storyboard */ = {
			isa = PBXVariantGroup;
			children = (
				1DE4E5CB270A5CCE004A30CA /* Base */,
			);
			name = Main.storyboard;
			sourceTree = "<group>";
		};
		1DE4E5CF270A5CD0004A30CA /* LaunchScreen.storyboard */ = {
			isa = PBXVariantGroup;
			children = (
				1DE4E5D0270A5CD0004A30CA /* Base */,
			);
			name = LaunchScreen.storyboard;
			sourceTree = "<group>";
		};
/* End PBXVariantGroup section */

/* Begin XCBuildConfiguration section */
		1DE4E5D3270A5CD0004A30CA /* Debug */ = {
			isa = XCBuildConfiguration;
			buildSettings = {
				ALWAYS_SEARCH_USER_PATHS = NO;
				CLANG_ANALYZER_NONNULL = YES;
				CLANG_ANALYZER_NUMBER_OBJECT_CONVERSION = YES_AGGRESSIVE;
				CLANG_CXX_LANGUAGE_STANDARD = "gnu++14";
				CLANG_CXX_LIBRARY = "libc++";
				CLANG_ENABLE_MODULES = YES;
				CLANG_ENABLE_OBJC_ARC = YES;
				CLANG_ENABLE_OBJC_WEAK = YES;
				CLANG_WARN_BLOCK_CAPTURE_AUTORELEASING = YES;
				CLANG_WARN_BOOL_CONVERSION = YES;
				CLANG_WARN_COMMA = YES;
				CLANG_WARN_CONSTANT_CONVERSION = YES;
				CLANG_WARN_DEPRECATED_OBJC_IMPLEMENTATIONS = YES;
				CLANG_WARN_DIRECT_OBJC_ISA_USAGE = YES_ERROR;
				CLANG_WARN_DOCUMENTATION_COMMENTS = YES;
				CLANG_WARN_EMPTY_BODY = YES;
				CLANG_WARN_ENUM_CONVERSION = YES;
				CLANG_WARN_INFINITE_RECURSION = YES;
				CLANG_WARN_INT_CONVERSION = YES;
				CLANG_WARN_NON_LITERAL_NULL_CONVERSION = YES;
				CLANG_WARN_OBJC_IMPLICIT_RETAIN_SELF = YES;
				CLANG_WARN_OBJC_LITERAL_CONVERSION = YES;
				CLANG_WARN_OBJC_ROOT_CLASS = YES_ERROR;
				CLANG_WARN_QUOTED_INCLUDE_IN_FRAMEWORK_HEADER = YES;
				CLANG_WARN_RANGE_LOOP_ANALYSIS = YES;
				CLANG_WARN_STRICT_PROTOTYPES = YES;
				CLANG_WARN_SUSPICIOUS_MOVE = YES;
				CLANG_WARN_UNGUARDED_AVAILABILITY = YES_AGGRESSIVE;
				CLANG_WARN_UNREACHABLE_CODE = YES;
				CLANG_WARN__DUPLICATE_METHOD_MATCH = YES;
				COPY_PHASE_STRIP = NO;
				DEBUG_INFORMATION_FORMAT = dwarf;
				ENABLE_STRICT_OBJC_MSGSEND = YES;
				ENABLE_TESTABILITY = YES;
				GCC_C_LANGUAGE_STANDARD = gnu11;
				GCC_DYNAMIC_NO_PIC = NO;
				GCC_NO_COMMON_BLOCKS = YES;
				GCC_OPTIMIZATION_LEVEL = 0;
				GCC_PREPROCESSOR_DEFINITIONS = (
					"DEBUG=1",
					"$(inherited)",
				);
				GCC_WARN_64_TO_32_BIT_CONVERSION = YES;
				GCC_WARN_ABOUT_RETURN_TYPE = YES_ERROR;
				GCC_WARN_UNDECLARED_SELECTOR = YES;
				GCC_WARN_UNINITIALIZED_AUTOS = YES_AGGRESSIVE;
				GCC_WARN_UNUSED_FUNCTION = YES;
				GCC_WARN_UNUSED_VARIABLE = YES;
				IPHONEOS_DEPLOYMENT_TARGET = 14.5;
				MTL_ENABLE_DEBUG_INFO = INCLUDE_SOURCE;
				MTL_FAST_MATH = YES;
				ONLY_ACTIVE_ARCH = YES;
				SDKROOT = iphoneos;
				SWIFT_ACTIVE_COMPILATION_CONDITIONS = DEBUG;
				SWIFT_OPTIMIZATION_LEVEL = "-Onone";
			};
			name = Debug;
		};
		1DE4E5D4270A5CD0004A30CA /* Release */ = {
			isa = XCBuildConfiguration;
			buildSettings = {
				ALWAYS_SEARCH_USER_PATHS = NO;
				CLANG_ANALYZER_NONNULL = YES;
				CLANG_ANALYZER_NUMBER_OBJECT_CONVERSION = YES_AGGRESSIVE;
				CLANG_CXX_LANGUAGE_STANDARD = "gnu++14";
				CLANG_CXX_LIBRARY = "libc++";
				CLANG_ENABLE_MODULES = YES;
				CLANG_ENABLE_OBJC_ARC = YES;
				CLANG_ENABLE_OBJC_WEAK = YES;
				CLANG_WARN_BLOCK_CAPTURE_AUTORELEASING = YES;
				CLANG_WARN_BOOL_CONVERSION = YES;
				CLANG_WARN_COMMA = YES;
				CLANG_WARN_CONSTANT_CONVERSION = YES;
				CLANG_WARN_DEPRECATED_OBJC_IMPLEMENTATIONS = YES;
				CLANG_WARN_DIRECT_OBJC_ISA_USAGE = YES_ERROR;
				CLANG_WARN_DOCUMENTATION_COMMENTS = YES;
				CLANG_WARN_EMPTY_BODY = YES;
				CLANG_WARN_ENUM_CONVERSION = YES;
				CLANG_WARN_INFINITE_RECURSION = YES;
				CLANG_WARN_INT_CONVERSION = YES;
				CLANG_WARN_NON_LITERAL_NULL_CONVERSION = YES;
				CLANG_WARN_OBJC_IMPLICIT_RETAIN_SELF = YES;
				CLANG_WARN_OBJC_LITERAL_CONVERSION = YES;
				CLANG_WARN_OBJC_ROOT_CLASS = YES_ERROR;
				CLANG_WARN_QUOTED_INCLUDE_IN_FRAMEWORK_HEADER = YES;
				CLANG_WARN_RANGE_LOOP_ANALYSIS = YES;
				CLANG_WARN_STRICT_PROTOTYPES = YES;
				CLANG_WARN_SUSPICIOUS_MOVE = YES;
				CLANG_WARN_UNGUARDED_AVAILABILITY = YES_AGGRESSIVE;
				CLANG_WARN_UNREACHABLE_CODE = YES;
				CLANG_WARN__DUPLICATE_METHOD_MATCH = YES;
				COPY_PHASE_STRIP = NO;
				DEBUG_INFORMATION_FORMAT = "dwarf-with-dsym";
				ENABLE_NS_ASSERTIONS = NO;
				ENABLE_STRICT_OBJC_MSGSEND = YES;
				GCC_C_LANGUAGE_STANDARD = gnu11;
				GCC_NO_COMMON_BLOCKS = YES;
				GCC_WARN_64_TO_32_BIT_CONVERSION = YES;
				GCC_WARN_ABOUT_RETURN_TYPE = YES_ERROR;
				GCC_WARN_UNDECLARED_SELECTOR = YES;
				GCC_WARN_UNINITIALIZED_AUTOS = YES_AGGRESSIVE;
				GCC_WARN_UNUSED_FUNCTION = YES;
				GCC_WARN_UNUSED_VARIABLE = YES;
				IPHONEOS_DEPLOYMENT_TARGET = 14.5;
				MTL_ENABLE_DEBUG_INFO = NO;
				MTL_FAST_MATH = YES;
				SDKROOT = iphoneos;
				SWIFT_COMPILATION_MODE = wholemodule;
				SWIFT_OPTIMIZATION_LEVEL = "-O";
				VALIDATE_PRODUCT = YES;
			};
			name = Release;
		};
		1DE4E5D6270A5CD0004A30CA /* Debug */ = {
			isa = XCBuildConfiguration;
			buildSettings = {
				ASSETCATALOG_COMPILER_APPICON_NAME = AppIcon;
				ASSETCATALOG_COMPILER_GLOBAL_ACCENT_COLOR_NAME = AccentColor;
				CODE_SIGN_STYLE = Automatic;
				DEVELOPMENT_TEAM = "";
				INFOPLIST_FILE = fefuactivity/Info.plist;
				IPHONEOS_DEPLOYMENT_TARGET = 13.0;
				LD_RUNPATH_SEARCH_PATHS = (
					"$(inherited)",
					"@executable_path/Frameworks",
				);
				PRODUCT_BUNDLE_IDENTIFIER = io.tsoyvl.fefuactivity;
				PRODUCT_NAME = "$(TARGET_NAME)";
				SWIFT_VERSION = 5.0;
				TARGETED_DEVICE_FAMILY = 1;
			};
			name = Debug;
		};
		1DE4E5D7270A5CD0004A30CA /* Release */ = {
			isa = XCBuildConfiguration;
			buildSettings = {
				ASSETCATALOG_COMPILER_APPICON_NAME = AppIcon;
				ASSETCATALOG_COMPILER_GLOBAL_ACCENT_COLOR_NAME = AccentColor;
				CODE_SIGN_STYLE = Automatic;
				DEVELOPMENT_TEAM = "";
				INFOPLIST_FILE = fefuactivity/Info.plist;
				IPHONEOS_DEPLOYMENT_TARGET = 13.0;
				LD_RUNPATH_SEARCH_PATHS = (
					"$(inherited)",
					"@executable_path/Frameworks",
				);
				PRODUCT_BUNDLE_IDENTIFIER = io.tsoyvl.fefuactivity;
				PRODUCT_NAME = "$(TARGET_NAME)";
				SWIFT_VERSION = 5.0;
				TARGETED_DEVICE_FAMILY = 1;
			};
			name = Release;
		};
/* End XCBuildConfiguration section */

/* Begin XCConfigurationList section */
		1DE4E5BC270A5CCE004A30CA /* Build configuration list for PBXProject "fefuactivity" */ = {
			isa = XCConfigurationList;
			buildConfigurations = (
				1DE4E5D3270A5CD0004A30CA /* Debug */,
				1DE4E5D4270A5CD0004A30CA /* Release */,
			);
			defaultConfigurationIsVisible = 0;
			defaultConfigurationName = Release;
		};
		1DE4E5D5270A5CD0004A30CA /* Build configuration list for PBXNativeTarget "fefuactivity" */ = {
			isa = XCConfigurationList;
			buildConfigurations = (
				1DE4E5D6270A5CD0004A30CA /* Debug */,
				1DE4E5D7270A5CD0004A30CA /* Release */,
			);
			defaultConfigurationIsVisible = 0;
			defaultConfigurationName = Release;
		};
/* End XCConfigurationList section */
	};
	rootObject = 1DE4E5B9270A5CCE004A30CA /* Project object */;
}
